
Microsoft Visual Studio Solution File, Format Version 12.00
# Visual Studio Version 16
VisualStudioVersion = 16.0.31313.79
MinimumVisualStudioVersion = 10.0.40219.1
Project("{FAE04EC0-301F-11D3-BF4B-00C04F79EFBC}") = "ExtensionMethodsLesson", "ExtensionMethodsLesson\ExtensionMethodsLesson.csproj", "{7645BF3D-3591-4053-BA93-0E6BA5DD613E}"
EndProject
Global
	GlobalSection(SolutionConfigurationPlatforms) = preSolution
		Debug|Any CPU = Debug|Any CPU
		Release|Any CPU = Release|Any CPU
	EndGlobalSection
	GlobalSection(ProjectConfigurationPlatforms) = postSolution
		{7645BF3D-3591-4053-BA93-0E6BA5DD613E}.Debug|Any CPU.ActiveCfg = Debug|Any CPU
		{7645BF3D-3591-4053-BA93-0E6BA5DD613E}.Debug|Any CPU.Build.0 = Debug|Any CPU
		{7645BF3D-3591-4053-BA93-0E6BA5DD613E}.Release|Any CPU.ActiveCfg = Release|Any CPU
		{7645BF3D-3591-4053-BA93-0E6BA5DD613E}.Release|Any CPU.Build.0 = Release|Any CPU
	EndGlobalSection
	GlobalSection(SolutionProperties) = preSolution
		HideSolutionNode = FALSE
	EndGlobalSection
	GlobalSection(ExtensibilityGlobals) = postSolution
		SolutionGuid = {231F5082-FF0C-4298-A35A-F75B90071E07}
	EndGlobalSection
EndGlobal
